
Microsoft Visual Studio Solution File, Format Version 12.00
# Visual Studio Version 17
VisualStudioVersion = 17.4.33122.133
MinimumVisualStudioVersion = 10.0.40219.1
Project("{FAE04EC0-301F-11D3-BF4B-00C04F79EFBC}") = "WebAppConvas", "WebAppConvas\WebAppConvas.csproj", "{D06B7F08-F0EE-4E44-B5BA-23088894C2EF}"
EndProject
Global
	GlobalSection(SolutionConfigurationPlatforms) = preSolution
		Debug|Any CPU = Debug|Any CPU
		Release|Any CPU = Release|Any CPU
	EndGlobalSection
	GlobalSection(ProjectConfigurationPlatforms) = postSolution
		{D06B7F08-F0EE-4E44-B5BA-23088894C2EF}.Debug|Any CPU.ActiveCfg = Debug|Any CPU
		{D06B7F08-F0EE-4E44-B5BA-23088894C2EF}.Debug|Any CPU.Build.0 = Debug|Any CPU
		{D06B7F08-F0EE-4E44-B5BA-23088894C2EF}.Release|Any CPU.ActiveCfg = Release|Any CPU
		{D06B7F08-F0EE-4E44-B5BA-23088894C2EF}.Release|Any CPU.Build.0 = Release|Any CPU
	EndGlobalSection
	GlobalSection(SolutionProperties) = preSolution
		HideSolutionNode = FALSE
	EndGlobalSection
	GlobalSection(ExtensibilityGlobals) = postSolution
		SolutionGuid = {3F66DE2F-CABF-4E66-99A9-3D08D3F21428}
	EndGlobalSection
EndGlobal
